<?xml version="1.0" encoding="utf-8"?>
<Project ToolsVersion="4.0" xmlns="http://schemas.microsoft.com/developer/msbuild/2003">
  <ItemGroup>
    <Filter Include="Source Files">
      <UniqueIdentifier>{4FC737F1-C7A5-4376-A066-2A32D752A2FF}</UniqueIdentifier>
      <Extensions>cpp;c;cc;cxx;def;odl;idl;hpj;bat;asm;asmx</Extensions>
    </Filter>
    <Filter Include="Header Files">
      <UniqueIdentifier>{93995380-89BD-4b04-88EB-625FBE52EBFB}</UniqueIdentifier>
      <Extensions>h;hpp;hxx;hm;inl;inc;xsd</Extensions>
    </Filter>
    <Filter Include="Resource Files">
      <UniqueIdentifier>{67DA6AB6-F800-4c08-8B7A-83BB121AAD01}</UniqueIdentifier>
      <Extensions>rc;ico;cur;bmp;dlg;rc2;rct;bin;rgs;gif;jpg;jpeg;jpe;resx;tiff;tif;png;wav;mfcribbon-ms</Extensions>
    </Filter>
  </ItemGroup>
  <ItemGroup>
    <None Include="ReadMe.txt" />
    <None Include="small.ico">
      <Filter>Resource Files</Filter>
    </None>
    <None Include="WinRod.ico">
      <Filter>Resource Files</Filter>
    </None>
    <None Include="TollbarWindows.bmp">
      <Filter>Resource Files</Filter>
    </None>
    <None Include="MainTolbar.bmp">
      <Filter>Resource Files</Filter>
    </None>
    <None Include="bitmap1.bmp">
      <Filter>Resource Files</Filter>
    </None>
    <None Include="2Dtolbar.bmp">
      <Filter>Resource Files</Filter>
    </None>
    <None Include="HLSL.fx">
      <Filter>Source Files</Filter>
    </None>
  </ItemGroup>
  <ItemGroup>
    <ClInclude Include="targetver.h">
      <Filter>Header Files</Filter>
    </ClInclude>
    <ClInclude Include="WinRod.h">
      <Filter>Header Files</Filter>
    </ClInclude>
    <ClInclude Include="Resource.h">
      <Filter>Header Files</Filter>
    </ClInclude>
    <ClInclude Include="stdafx.h">
      <Filter>Header Files</Filter>
    </ClInclude>
    <ClInclude Include="2DGraph.h">
      <Filter>Header Files</Filter>
    </ClInclude>
    <ClInclude Include="3Ddef.h">
      <Filter>Header Files</Filter>
    </ClInclude>
    <ClInclude Include="3Dtoolbar.h">
      <Filter>Header Files</Filter>
    </ClInclude>
    <ClInclude Include="asa.h">
      <Filter>Header Files</Filter>
    </ClInclude>
    <ClInclude Include="calc.h">
      <Filter>Header Files</Filter>
    </ClInclude>
    <ClInclude Include="CallBack.h">
      <Filter>Header Files</Filter>
    </ClInclude>
    <ClInclude Include="Camera.h">
      <Filter>Header Files</Filter>
    </ClInclude>
    <ClInclude Include="cml.h">
      <Filter>Header Files</Filter>
    </ClInclude>
    <ClInclude Include="definitions.h">
      <Filter>Header Files</Filter>
    </ClInclude>
    <ClInclude Include="elements.h">
      <Filter>Header Files</Filter>
    </ClInclude>
    <ClInclude Include="fit.h">
      <Filter>Header Files</Filter>
    </ClInclude>
    <ClInclude Include="keating.h">
      <Filter>Header Files</Filter>
    </ClInclude>
    <ClInclude Include="Lasso.h">
      <Filter>Header Files</Filter>
    </ClInclude>
    <ClInclude Include="levenberg.h">
      <Filter>Header Files</Filter>
    </ClInclude>
    <ClInclude Include="plot.h">
      <Filter>Header Files</Filter>
    </ClInclude>
    <ClInclude Include="ReadFile.h">
      <Filter>Header Files</Filter>
    </ClInclude>
    <ClInclude Include="RodThread.h">
      <Filter>Header Files</Filter>
    </ClInclude>
    <ClInclude Include="Save.h">
      <Filter>Header Files</Filter>
    </ClInclude>
    <ClInclude Include="set.h">
      <Filter>Header Files</Filter>
    </ClInclude>
    <ClInclude Include="Structures.h">
      <Filter>Header Files</Filter>
    </ClInclude>
    <ClInclude Include="System.h">
      <Filter>Header Files</Filter>
    </ClInclude>
    <ClInclude Include="Thread.h">
      <Filter>Header Files</Filter>
    </ClInclude>
    <ClInclude Include="TolbarMain.h">
      <Filter>Header Files</Filter>
    </ClInclude>
    <ClInclude Include="tollbar.h">
      <Filter>Header Files</Filter>
    </ClInclude>
    <ClInclude Include="TollbarWindows.h">
      <Filter>Header Files</Filter>
    </ClInclude>
    <ClInclude Include="Toolbars.h">
      <Filter>Header Files</Filter>
    </ClInclude>
    <ClInclude Include="variables.h">
      <Filter>Header Files</Filter>
    </ClInclude>
    <ClInclude Include="vfsr.h">
      <Filter>Header Files</Filter>
    </ClInclude>
    <ClInclude Include="vfsr_funct.h">
      <Filter>Header Files</Filter>
    </ClInclude>
    <ClInclude Include="Tooltip.h">
      <Filter>Header Files</Filter>
    </ClInclude>
  </ItemGroup>
  <ItemGroup>
    <ClCompile Include="stdafx.cpp">
      <Filter>Source Files</Filter>
    </ClCompile>
    <ClCompile Include="WinRod.cpp">
      <Filter>Source Files</Filter>
    </ClCompile>
    <ClCompile Include="2DGraph.cpp">
      <Filter>Source Files</Filter>
    </ClCompile>
    <ClCompile Include="asa.cpp">
      <Filter>Source Files</Filter>
    </ClCompile>
    <ClCompile Include="calc.cpp">
      <Filter>Source Files</Filter>
    </ClCompile>
    <ClCompile Include="CallBack.cpp">
      <Filter>Source Files</Filter>
    </ClCompile>
    <ClCompile Include="Camera.cpp">
      <Filter>Source Files</Filter>
    </ClCompile>
    <ClCompile Include="cml.cpp">
      <Filter>Source Files</Filter>
    </ClCompile>
    <ClCompile Include="elements.cpp">
      <Filter>Source Files</Filter>
    </ClCompile>
    <ClCompile Include="fit.cpp">
      <Filter>Source Files</Filter>
    </ClCompile>
    <ClCompile Include="keating.cpp">
      <Filter>Source Files</Filter>
    </ClCompile>
    <ClCompile Include="Lasso.cpp">
      <Filter>Source Files</Filter>
    </ClCompile>
    <ClCompile Include="levenberg.cpp">
      <Filter>Source Files</Filter>
    </ClCompile>
    <ClCompile Include="plot.cpp">
      <Filter>Source Files</Filter>
    </ClCompile>
    <ClCompile Include="ReadFile.cpp">
      <Filter>Source Files</Filter>
    </ClCompile>
    <ClCompile Include="Save.cpp">
      <Filter>Source Files</Filter>
    </ClCompile>
    <ClCompile Include="set.cpp">
      <Filter>Source Files</Filter>
    </ClCompile>
    <ClCompile Include="System.cpp">
      <Filter>Source Files</Filter>
    </ClCompile>
    <ClCompile Include="Toolbars.cpp">
      <Filter>Source Files</Filter>
    </ClCompile>
    <ClCompile Include="vfsr.cpp">
      <Filter>Source Files</Filter>
    </ClCompile>
  </ItemGroup>
  <ItemGroup>
    <ResourceCompile Include="WinRod.rc">
      <Filter>Resource Files</Filter>
    </ResourceCompile>
  </ItemGroup>
</Project>